// !$*UTF8*$!
{
	archiveVersion = 1;
	classes = {
	};
	objectVersion = 52;
	objects = {

/* Begin PBXBuildFile section */
		4906732524FFF28B0039EBF1 /* SearchLoaderPresentacionAdapter.swift in Sources */ = {isa = PBXBuildFile; fileRef = 4906732424FFF28B0039EBF1 /* SearchLoaderPresentacionAdapter.swift */; };
		4906733D24FFF4B20039EBF1 /* XCTestCase+MemoryLeakTraking.swift in Sources */ = {isa = PBXBuildFile; fileRef = 4906733B24FFF4B20039EBF1 /* XCTestCase+MemoryLeakTraking.swift */; platformFilter = ios; };
		4906733E24FFF4B20039EBF1 /* LoadSearchFromRemoteUseCaseTests.swift in Sources */ = {isa = PBXBuildFile; fileRef = 4906733C24FFF4B20039EBF1 /* LoadSearchFromRemoteUseCaseTests.swift */; platformFilter = ios; };
		495E72F724FFC4240004A688 /* AppDelegate.swift in Sources */ = {isa = PBXBuildFile; fileRef = 495E72F624FFC4240004A688 /* AppDelegate.swift */; };
		495E730024FFC4280004A688 /* Assets.xcassets in Resources */ = {isa = PBXBuildFile; fileRef = 495E72FF24FFC4280004A688 /* Assets.xcassets */; };
		495E730324FFC4280004A688 /* LaunchScreen.storyboard in Resources */ = {isa = PBXBuildFile; fileRef = 495E730124FFC4280004A688 /* LaunchScreen.storyboard */; };
		496C468524FFF8670016780F /* Song.swift in Sources */ = {isa = PBXBuildFile; fileRef = 4906732E24FFF4460039EBF1 /* Song.swift */; };
		496C468624FFF8670016780F /* SearchLoader.swift in Sources */ = {isa = PBXBuildFile; fileRef = 4906732F24FFF4460039EBF1 /* SearchLoader.swift */; };
		496C468724FFF86C0016780F /* SearchItemsMapper.swift in Sources */ = {isa = PBXBuildFile; fileRef = 4906733124FFF4460039EBF1 /* SearchItemsMapper.swift */; };
		496C468824FFF86C0016780F /* ITunesRemoteResult.swift in Sources */ = {isa = PBXBuildFile; fileRef = 4906733224FFF4460039EBF1 /* ITunesRemoteResult.swift */; };
		496C468924FFF86C0016780F /* HTTPClient.swift in Sources */ = {isa = PBXBuildFile; fileRef = 4906733324FFF4460039EBF1 /* HTTPClient.swift */; };
		496C468A24FFF86C0016780F /* URLSessionHTTPClient.swift in Sources */ = {isa = PBXBuildFile; fileRef = 4906733424FFF4460039EBF1 /* URLSessionHTTPClient.swift */; };
		496C468B24FFF86C0016780F /* RemoteSearchLoader.swift in Sources */ = {isa = PBXBuildFile; fileRef = 4906733524FFF4460039EBF1 /* RemoteSearchLoader.swift */; };
		496C468C24FFF8730016780F /* SearchPresenter.swift in Sources */ = {isa = PBXBuildFile; fileRef = 4906733724FFF4460039EBF1 /* SearchPresenter.swift */; };
		496C468D24FFF8730016780F /* SearchViewModel.swift in Sources */ = {isa = PBXBuildFile; fileRef = 4906733824FFF4460039EBF1 /* SearchViewModel.swift */; };
		49867ABC24FFCA12002C3738 /* MainSearchViewController.swift in Sources */ = {isa = PBXBuildFile; fileRef = 49867ABB24FFCA12002C3738 /* MainSearchViewController.swift */; };
		49867AC024FFCA7F002C3738 /* MainSearchDataSource.swift in Sources */ = {isa = PBXBuildFile; fileRef = 49867ABF24FFCA7F002C3738 /* MainSearchDataSource.swift */; };
		49867AC224FFCAD7002C3738 /* UITableView+Util.swift in Sources */ = {isa = PBXBuildFile; fileRef = 49867AC124FFCAD7002C3738 /* UITableView+Util.swift */; };
		49867AC424FFCB16002C3738 /* UITableView+Configuration.swift in Sources */ = {isa = PBXBuildFile; fileRef = 49867AC324FFCB16002C3738 /* UITableView+Configuration.swift */; };
/* End PBXBuildFile section */

/* Begin PBXContainerItemProxy section */
		495E730A24FFC4280004A688 /* PBXContainerItemProxy */ = {
			isa = PBXContainerItemProxy;
			containerPortal = 495E72EB24FFC4240004A688 /* Project object */;
			proxyType = 1;
			remoteGlobalIDString = 495E72F224FFC4240004A688;
			remoteInfo = iTunesSearchApp;
		};
/* End PBXContainerItemProxy section */

/* Begin PBXFileReference section */
		4906732424FFF28B0039EBF1 /* SearchLoaderPresentacionAdapter.swift */ = {isa = PBXFileReference; lastKnownFileType = sourcecode.swift; path = SearchLoaderPresentacionAdapter.swift; sourceTree = "<group>"; };
		4906732724FFF3630039EBF1 /* iTunesSearch.framework */ = {isa = PBXFileReference; explicitFileType = wrapper.framework; path = iTunesSearch.framework; sourceTree = BUILT_PRODUCTS_DIR; };
		4906732E24FFF4460039EBF1 /* Song.swift */ = {isa = PBXFileReference; lastKnownFileType = sourcecode.swift; path = Song.swift; sourceTree = "<group>"; };
		4906732F24FFF4460039EBF1 /* SearchLoader.swift */ = {isa = PBXFileReference; lastKnownFileType = sourcecode.swift; path = SearchLoader.swift; sourceTree = "<group>"; };
		4906733124FFF4460039EBF1 /* SearchItemsMapper.swift */ = {isa = PBXFileReference; lastKnownFileType = sourcecode.swift; path = SearchItemsMapper.swift; sourceTree = "<group>"; };
		4906733224FFF4460039EBF1 /* ITunesRemoteResult.swift */ = {isa = PBXFileReference; lastKnownFileType = sourcecode.swift; path = ITunesRemoteResult.swift; sourceTree = "<group>"; };
		4906733324FFF4460039EBF1 /* HTTPClient.swift */ = {isa = PBXFileReference; lastKnownFileType = sourcecode.swift; path = HTTPClient.swift; sourceTree = "<group>"; };
		4906733424FFF4460039EBF1 /* URLSessionHTTPClient.swift */ = {isa = PBXFileReference; lastKnownFileType = sourcecode.swift; path = URLSessionHTTPClient.swift; sourceTree = "<group>"; };
		4906733524FFF4460039EBF1 /* RemoteSearchLoader.swift */ = {isa = PBXFileReference; lastKnownFileType = sourcecode.swift; path = RemoteSearchLoader.swift; sourceTree = "<group>"; };
		4906733724FFF4460039EBF1 /* SearchPresenter.swift */ = {isa = PBXFileReference; lastKnownFileType = sourcecode.swift; path = SearchPresenter.swift; sourceTree = "<group>"; };
		4906733824FFF4460039EBF1 /* SearchViewModel.swift */ = {isa = PBXFileReference; lastKnownFileType = sourcecode.swift; path = SearchViewModel.swift; sourceTree = "<group>"; };
		4906733B24FFF4B20039EBF1 /* XCTestCase+MemoryLeakTraking.swift */ = {isa = PBXFileReference; fileEncoding = 4; lastKnownFileType = sourcecode.swift; path = "XCTestCase+MemoryLeakTraking.swift"; sourceTree = "<group>"; };
		4906733C24FFF4B20039EBF1 /* LoadSearchFromRemoteUseCaseTests.swift */ = {isa = PBXFileReference; fileEncoding = 4; lastKnownFileType = sourcecode.swift; path = LoadSearchFromRemoteUseCaseTests.swift; sourceTree = "<group>"; };
		495E72F324FFC4240004A688 /* iTunesSearchApp.app */ = {isa = PBXFileReference; explicitFileType = wrapper.application; includeInIndex = 0; path = iTunesSearchApp.app; sourceTree = BUILT_PRODUCTS_DIR; };
		495E72F624FFC4240004A688 /* AppDelegate.swift */ = {isa = PBXFileReference; lastKnownFileType = sourcecode.swift; path = AppDelegate.swift; sourceTree = "<group>"; };
		495E72FF24FFC4280004A688 /* Assets.xcassets */ = {isa = PBXFileReference; lastKnownFileType = folder.assetcatalog; path = Assets.xcassets; sourceTree = "<group>"; };
		495E730224FFC4280004A688 /* Base */ = {isa = PBXFileReference; lastKnownFileType = file.storyboard; name = Base; path = Base.lproj/LaunchScreen.storyboard; sourceTree = "<group>"; };
		495E730424FFC4280004A688 /* Info.plist */ = {isa = PBXFileReference; lastKnownFileType = text.plist.xml; path = Info.plist; sourceTree = "<group>"; };
		495E730924FFC4280004A688 /* iTunesSearchAppTests.xctest */ = {isa = PBXFileReference; explicitFileType = wrapper.cfbundle; includeInIndex = 0; path = iTunesSearchAppTests.xctest; sourceTree = BUILT_PRODUCTS_DIR; };
		495E730F24FFC4280004A688 /* Info.plist */ = {isa = PBXFileReference; lastKnownFileType = text.plist.xml; path = Info.plist; sourceTree = "<group>"; };
		49867ABB24FFCA12002C3738 /* MainSearchViewController.swift */ = {isa = PBXFileReference; lastKnownFileType = sourcecode.swift; path = MainSearchViewController.swift; sourceTree = "<group>"; };
		49867ABF24FFCA7F002C3738 /* MainSearchDataSource.swift */ = {isa = PBXFileReference; lastKnownFileType = sourcecode.swift; path = MainSearchDataSource.swift; sourceTree = "<group>"; };
		49867AC124FFCAD7002C3738 /* UITableView+Util.swift */ = {isa = PBXFileReference; lastKnownFileType = sourcecode.swift; path = "UITableView+Util.swift"; sourceTree = "<group>"; };
		49867AC324FFCB16002C3738 /* UITableView+Configuration.swift */ = {isa = PBXFileReference; lastKnownFileType = sourcecode.swift; path = "UITableView+Configuration.swift"; sourceTree = "<group>"; };
/* End PBXFileReference section */

/* Begin PBXFrameworksBuildPhase section */
		495E72F024FFC4240004A688 /* Frameworks */ = {
			isa = PBXFrameworksBuildPhase;
			buildActionMask = 2147483647;
			files = (
			);
			runOnlyForDeploymentPostprocessing = 0;
		};
		495E730624FFC4280004A688 /* Frameworks */ = {
			isa = PBXFrameworksBuildPhase;
			buildActionMask = 2147483647;
			files = (
			);
			runOnlyForDeploymentPostprocessing = 0;
		};
/* End PBXFrameworksBuildPhase section */

/* Begin PBXGroup section */
		4906732624FFF3630039EBF1 /* Frameworks */ = {
			isa = PBXGroup;
			children = (
				4906732724FFF3630039EBF1 /* iTunesSearch.framework */,
			);
			name = Frameworks;
			sourceTree = "<group>";
		};
		4906732C24FFF42D0039EBF1 /* Main */ = {
			isa = PBXGroup;
			children = (
				4906732424FFF28B0039EBF1 /* SearchLoaderPresentacionAdapter.swift */,
			);
			path = Main;
			sourceTree = "<group>";
		};
		4906732D24FFF4460039EBF1 /* Search Cache */ = {
			isa = PBXGroup;
			children = (
			);
			path = "Search Cache";
			sourceTree = "<group>";
		};
		4906733024FFF4460039EBF1 /* Search Feature */ = {
			isa = PBXGroup;
			children = (
				4906732E24FFF4460039EBF1 /* Song.swift */,
				4906732F24FFF4460039EBF1 /* SearchLoader.swift */,
			);
			path = "Search Feature";
			sourceTree = "<group>";
		};
		4906733624FFF4460039EBF1 /* Search API */ = {
			isa = PBXGroup;
			children = (
				4906733124FFF4460039EBF1 /* SearchItemsMapper.swift */,
				4906733224FFF4460039EBF1 /* ITunesRemoteResult.swift */,
				4906733324FFF4460039EBF1 /* HTTPClient.swift */,
				4906733424FFF4460039EBF1 /* URLSessionHTTPClient.swift */,
				4906733524FFF4460039EBF1 /* RemoteSearchLoader.swift */,
			);
			path = "Search API";
			sourceTree = "<group>";
		};
		4906733924FFF4460039EBF1 /* Search Presentacion */ = {
			isa = PBXGroup;
			children = (
				4906733724FFF4460039EBF1 /* SearchPresenter.swift */,
				4906733824FFF4460039EBF1 /* SearchViewModel.swift */,
			);
			path = "Search Presentacion";
			sourceTree = "<group>";
		};
		4906733A24FFF4910039EBF1 /* Search API */ = {
			isa = PBXGroup;
			children = (
				4906733C24FFF4B20039EBF1 /* LoadSearchFromRemoteUseCaseTests.swift */,
				4906733B24FFF4B20039EBF1 /* XCTestCase+MemoryLeakTraking.swift */,
			);
			path = "Search API";
			sourceTree = "<group>";
		};
		495E72EA24FFC4240004A688 = {
			isa = PBXGroup;
			children = (
				495E72F524FFC4240004A688 /* iTunesSearchApp */,
				495E730C24FFC4280004A688 /* iTunesSearchAppTests */,
				495E72F424FFC4240004A688 /* Products */,
				4906732624FFF3630039EBF1 /* Frameworks */,
			);
			sourceTree = "<group>";
		};
		495E72F424FFC4240004A688 /* Products */ = {
			isa = PBXGroup;
			children = (
				495E72F324FFC4240004A688 /* iTunesSearchApp.app */,
				495E730924FFC4280004A688 /* iTunesSearchAppTests.xctest */,
			);
			name = Products;
			sourceTree = "<group>";
		};
		495E72F524FFC4240004A688 /* iTunesSearchApp */ = {
			isa = PBXGroup;
			children = (
				4906733024FFF4460039EBF1 /* Search Feature */,
				4906732D24FFF4460039EBF1 /* Search Cache */,
				4906733624FFF4460039EBF1 /* Search API */,
				4906733924FFF4460039EBF1 /* Search Presentacion */,
				4906732C24FFF42D0039EBF1 /* Main */,
				49867ABD24FFCA3C002C3738 /* Controllers */,
				49867ABE24FFCA55002C3738 /* Helpers */,
				495E72F624FFC4240004A688 /* AppDelegate.swift */,
				495E72FF24FFC4280004A688 /* Assets.xcassets */,
				495E730124FFC4280004A688 /* LaunchScreen.storyboard */,
				495E730424FFC4280004A688 /* Info.plist */,
			);
			path = iTunesSearchApp;
			sourceTree = "<group>";
		};
		495E730C24FFC4280004A688 /* iTunesSearchAppTests */ = {
			isa = PBXGroup;
			children = (
				4906733A24FFF4910039EBF1 /* Search API */,
				495E730F24FFC4280004A688 /* Info.plist */,
			);
			path = iTunesSearchAppTests;
			sourceTree = "<group>";
		};
		49867ABD24FFCA3C002C3738 /* Controllers */ = {
			isa = PBXGroup;
			children = (
				49867ABB24FFCA12002C3738 /* MainSearchViewController.swift */,
				49867ABF24FFCA7F002C3738 /* MainSearchDataSource.swift */,
			);
			path = Controllers;
			sourceTree = "<group>";
		};
		49867ABE24FFCA55002C3738 /* Helpers */ = {
			isa = PBXGroup;
			children = (
				49867AC124FFCAD7002C3738 /* UITableView+Util.swift */,
				49867AC324FFCB16002C3738 /* UITableView+Configuration.swift */,
			);
			path = Helpers;
			sourceTree = "<group>";
		};
/* End PBXGroup section */

/* Begin PBXNativeTarget section */
		495E72F224FFC4240004A688 /* iTunesSearchApp */ = {
			isa = PBXNativeTarget;
			buildConfigurationList = 495E731224FFC4280004A688 /* Build configuration list for PBXNativeTarget "iTunesSearchApp" */;
			buildPhases = (
				495E72EF24FFC4240004A688 /* Sources */,
				495E72F024FFC4240004A688 /* Frameworks */,
				495E72F124FFC4240004A688 /* Resources */,
			);
			buildRules = (
			);
			dependencies = (
			);
			name = iTunesSearchApp;
			productName = iTunesSearchApp;
			productReference = 495E72F324FFC4240004A688 /* iTunesSearchApp.app */;
			productType = "com.apple.product-type.application";
		};
		495E730824FFC4280004A688 /* iTunesSearchAppTests */ = {
			isa = PBXNativeTarget;
			buildConfigurationList = 495E731524FFC4280004A688 /* Build configuration list for PBXNativeTarget "iTunesSearchAppTests" */;
			buildPhases = (
				495E730524FFC4280004A688 /* Sources */,
				495E730624FFC4280004A688 /* Frameworks */,
				495E730724FFC4280004A688 /* Resources */,
			);
			buildRules = (
			);
			dependencies = (
				495E730B24FFC4280004A688 /* PBXTargetDependency */,
			);
			name = iTunesSearchAppTests;
			productName = iTunesSearchAppTests;
			productReference = 495E730924FFC4280004A688 /* iTunesSearchAppTests.xctest */;
			productType = "com.apple.product-type.bundle.unit-test";
		};
/* End PBXNativeTarget section */

/* Begin PBXProject section */
		495E72EB24FFC4240004A688 /* Project object */ = {
			isa = PBXProject;
			attributes = {
				LastSwiftUpdateCheck = 1160;
				LastUpgradeCheck = 1160;
				ORGANIZATIONNAME = "Miguel Duran";
				TargetAttributes = {
					495E72F224FFC4240004A688 = {
						CreatedOnToolsVersion = 11.6;
					};
					495E730824FFC4280004A688 = {
						CreatedOnToolsVersion = 11.6;
						TestTargetID = 495E72F224FFC4240004A688;
					};
				};
			};
			buildConfigurationList = 495E72EE24FFC4240004A688 /* Build configuration list for PBXProject "iTunesSearchApp" */;
			compatibilityVersion = "Xcode 9.3";
			developmentRegion = en;
			hasScannedForEncodings = 0;
			knownRegions = (
				en,
				Base,
			);
			mainGroup = 495E72EA24FFC4240004A688;
			productRefGroup = 495E72F424FFC4240004A688 /* Products */;
			projectDirPath = "";
			projectRoot = "";
			targets = (
				495E72F224FFC4240004A688 /* iTunesSearchApp */,
				495E730824FFC4280004A688 /* iTunesSearchAppTests */,
			);
		};
/* End PBXProject section */

/* Begin PBXResourcesBuildPhase section */
		495E72F124FFC4240004A688 /* Resources */ = {
			isa = PBXResourcesBuildPhase;
			buildActionMask = 2147483647;
			files = (
				495E730324FFC4280004A688 /* LaunchScreen.storyboard in Resources */,
				495E730024FFC4280004A688 /* Assets.xcassets in Resources */,
			);
			runOnlyForDeploymentPostprocessing = 0;
		};
		495E730724FFC4280004A688 /* Resources */ = {
			isa = PBXResourcesBuildPhase;
			buildActionMask = 2147483647;
			files = (
			);
			runOnlyForDeploymentPostprocessing = 0;
		};
/* End PBXResourcesBuildPhase section */

/* Begin PBXSourcesBuildPhase section */
		495E72EF24FFC4240004A688 /* Sources */ = {
			isa = PBXSourcesBuildPhase;
			buildActionMask = 2147483647;
			files = (
				496C468B24FFF86C0016780F /* RemoteSearchLoader.swift in Sources */,
				496C468724FFF86C0016780F /* SearchItemsMapper.swift in Sources */,
				496C468524FFF8670016780F /* Song.swift in Sources */,
				49867AC024FFCA7F002C3738 /* MainSearchDataSource.swift in Sources */,
				496C468624FFF8670016780F /* SearchLoader.swift in Sources */,
				4906732524FFF28B0039EBF1 /* SearchLoaderPresentacionAdapter.swift in Sources */,
				496C468D24FFF8730016780F /* SearchViewModel.swift in Sources */,
				496C468C24FFF8730016780F /* SearchPresenter.swift in Sources */,
				495E72F724FFC4240004A688 /* AppDelegate.swift in Sources */,
				496C468924FFF86C0016780F /* HTTPClient.swift in Sources */,
				49867ABC24FFCA12002C3738 /* MainSearchViewController.swift in Sources */,
				49867AC424FFCB16002C3738 /* UITableView+Configuration.swift in Sources */,
				496C468824FFF86C0016780F /* ITunesRemoteResult.swift in Sources */,
				49867AC224FFCAD7002C3738 /* UITableView+Util.swift in Sources */,
				496C468A24FFF86C0016780F /* URLSessionHTTPClient.swift in Sources */,
			);
			runOnlyForDeploymentPostprocessing = 0;
		};
		495E730524FFC4280004A688 /* Sources */ = {
			isa = PBXSourcesBuildPhase;
			buildActionMask = 2147483647;
			files = (
				4906733D24FFF4B20039EBF1 /* XCTestCase+MemoryLeakTraking.swift in Sources */,
				4906733E24FFF4B20039EBF1 /* LoadSearchFromRemoteUseCaseTests.swift in Sources */,
			);
			runOnlyForDeploymentPostprocessing = 0;
		};
/* End PBXSourcesBuildPhase section */

/* Begin PBXTargetDependency section */
		495E730B24FFC4280004A688 /* PBXTargetDependency */ = {
			isa = PBXTargetDependency;
			target = 495E72F224FFC4240004A688 /* iTunesSearchApp */;
			targetProxy = 495E730A24FFC4280004A688 /* PBXContainerItemProxy */;
		};
/* End PBXTargetDependency section */

/* Begin PBXVariantGroup section */
		495E730124FFC4280004A688 /* LaunchScreen.storyboard */ = {
			isa = PBXVariantGroup;
			children = (
				495E730224FFC4280004A688 /* Base */,
			);
			name = LaunchScreen.storyboard;
			sourceTree = "<group>";
		};
/* End PBXVariantGroup section */

/* Begin XCBuildConfiguration section */
		495E731024FFC4280004A688 /* Debug */ = {
			isa = XCBuildConfiguration;
			buildSettings = {
				ALWAYS_SEARCH_USER_PATHS = NO;
				CLANG_ANALYZER_NONNULL = YES;
				CLANG_ANALYZER_NUMBER_OBJECT_CONVERSION = YES_AGGRESSIVE;
				CLANG_CXX_LANGUAGE_STANDARD = "gnu++14";
				CLANG_CXX_LIBRARY = "libc++";
				CLANG_ENABLE_MODULES = YES;
				CLANG_ENABLE_OBJC_ARC = YES;
				CLANG_ENABLE_OBJC_WEAK = YES;
				CLANG_WARN_BLOCK_CAPTURE_AUTORELEASING = YES;
				CLANG_WARN_BOOL_CONVERSION = YES;
				CLANG_WARN_COMMA = YES;
				CLANG_WARN_CONSTANT_CONVERSION = YES;
				CLANG_WARN_DEPRECATED_OBJC_IMPLEMENTATIONS = YES;
				CLANG_WARN_DIRECT_OBJC_ISA_USAGE = YES_ERROR;
				CLANG_WARN_DOCUMENTATION_COMMENTS = YES;
				CLANG_WARN_EMPTY_BODY = YES;
				CLANG_WARN_ENUM_CONVERSION = YES;
				CLANG_WARN_INFINITE_RECURSION = YES;
				CLANG_WARN_INT_CONVERSION = YES;
				CLANG_WARN_NON_LITERAL_NULL_CONVERSION = YES;
				CLANG_WARN_OBJC_IMPLICIT_RETAIN_SELF = YES;
				CLANG_WARN_OBJC_LITERAL_CONVERSION = YES;
				CLANG_WARN_OBJC_ROOT_CLASS = YES_ERROR;
				CLANG_WARN_RANGE_LOOP_ANALYSIS = YES;
				CLANG_WARN_STRICT_PROTOTYPES = YES;
				CLANG_WARN_SUSPICIOUS_MOVE = YES;
				CLANG_WARN_UNGUARDED_AVAILABILITY = YES_AGGRESSIVE;
				CLANG_WARN_UNREACHABLE_CODE = YES;
				CLANG_WARN__DUPLICATE_METHOD_MATCH = YES;
				COPY_PHASE_STRIP = NO;
				DEBUG_INFORMATION_FORMAT = dwarf;
				ENABLE_STRICT_OBJC_MSGSEND = YES;
				ENABLE_TESTABILITY = YES;
				GCC_C_LANGUAGE_STANDARD = gnu11;
				GCC_DYNAMIC_NO_PIC = NO;
				GCC_NO_COMMON_BLOCKS = YES;
				GCC_OPTIMIZATION_LEVEL = 0;
				GCC_PREPROCESSOR_DEFINITIONS = (
					"DEBUG=1",
					"$(inherited)",
				);
				GCC_WARN_64_TO_32_BIT_CONVERSION = YES;
				GCC_WARN_ABOUT_RETURN_TYPE = YES_ERROR;
				GCC_WARN_UNDECLARED_SELECTOR = YES;
				GCC_WARN_UNINITIALIZED_AUTOS = YES_AGGRESSIVE;
				GCC_WARN_UNUSED_FUNCTION = YES;
				GCC_WARN_UNUSED_VARIABLE = YES;
				IPHONEOS_DEPLOYMENT_TARGET = 13.6;
				MTL_ENABLE_DEBUG_INFO = INCLUDE_SOURCE;
				MTL_FAST_MATH = YES;
				ONLY_ACTIVE_ARCH = YES;
				SDKROOT = iphoneos;
				SWIFT_ACTIVE_COMPILATION_CONDITIONS = DEBUG;
				SWIFT_OPTIMIZATION_LEVEL = "-Onone";
			};
			name = Debug;
		};
		495E731124FFC4280004A688 /* Release */ = {
			isa = XCBuildConfiguration;
			buildSettings = {
				ALWAYS_SEARCH_USER_PATHS = NO;
				CLANG_ANALYZER_NONNULL = YES;
				CLANG_ANALYZER_NUMBER_OBJECT_CONVERSION = YES_AGGRESSIVE;
				CLANG_CXX_LANGUAGE_STANDARD = "gnu++14";
				CLANG_CXX_LIBRARY = "libc++";
				CLANG_ENABLE_MODULES = YES;
				CLANG_ENABLE_OBJC_ARC = YES;
				CLANG_ENABLE_OBJC_WEAK = YES;
				CLANG_WARN_BLOCK_CAPTURE_AUTORELEASING = YES;
				CLANG_WARN_BOOL_CONVERSION = YES;
				CLANG_WARN_COMMA = YES;
				CLANG_WARN_CONSTANT_CONVERSION = YES;
				CLANG_WARN_DEPRECATED_OBJC_IMPLEMENTATIONS = YES;
				CLANG_WARN_DIRECT_OBJC_ISA_USAGE = YES_ERROR;
				CLANG_WARN_DOCUMENTATION_COMMENTS = YES;
				CLANG_WARN_EMPTY_BODY = YES;
				CLANG_WARN_ENUM_CONVERSION = YES;
				CLANG_WARN_INFINITE_RECURSION = YES;
				CLANG_WARN_INT_CONVERSION = YES;
				CLANG_WARN_NON_LITERAL_NULL_CONVERSION = YES;
				CLANG_WARN_OBJC_IMPLICIT_RETAIN_SELF = YES;
				CLANG_WARN_OBJC_LITERAL_CONVERSION = YES;
				CLANG_WARN_OBJC_ROOT_CLASS = YES_ERROR;
				CLANG_WARN_RANGE_LOOP_ANALYSIS = YES;
				CLANG_WARN_STRICT_PROTOTYPES = YES;
				CLANG_WARN_SUSPICIOUS_MOVE = YES;
				CLANG_WARN_UNGUARDED_AVAILABILITY = YES_AGGRESSIVE;
				CLANG_WARN_UNREACHABLE_CODE = YES;
				CLANG_WARN__DUPLICATE_METHOD_MATCH = YES;
				COPY_PHASE_STRIP = NO;
				DEBUG_INFORMATION_FORMAT = "dwarf-with-dsym";
				ENABLE_NS_ASSERTIONS = NO;
				ENABLE_STRICT_OBJC_MSGSEND = YES;
				GCC_C_LANGUAGE_STANDARD = gnu11;
				GCC_NO_COMMON_BLOCKS = YES;
				GCC_WARN_64_TO_32_BIT_CONVERSION = YES;
				GCC_WARN_ABOUT_RETURN_TYPE = YES_ERROR;
				GCC_WARN_UNDECLARED_SELECTOR = YES;
				GCC_WARN_UNINITIALIZED_AUTOS = YES_AGGRESSIVE;
				GCC_WARN_UNUSED_FUNCTION = YES;
				GCC_WARN_UNUSED_VARIABLE = YES;
				IPHONEOS_DEPLOYMENT_TARGET = 13.6;
				MTL_ENABLE_DEBUG_INFO = NO;
				MTL_FAST_MATH = YES;
				SDKROOT = iphoneos;
				SWIFT_COMPILATION_MODE = wholemodule;
				SWIFT_OPTIMIZATION_LEVEL = "-O";
				VALIDATE_PRODUCT = YES;
			};
			name = Release;
		};
		495E731324FFC4280004A688 /* Debug */ = {
			isa = XCBuildConfiguration;
			buildSettings = {
				ASSETCATALOG_COMPILER_APPICON_NAME = AppIcon;
				CODE_SIGN_STYLE = Automatic;
				DEVELOPMENT_TEAM = 99UW94BPG2;
				INFOPLIST_FILE = iTunesSearchApp/Info.plist;
				LD_RUNPATH_SEARCH_PATHS = (
					"$(inherited)",
					"@executable_path/Frameworks",
				);
				PRODUCT_BUNDLE_IDENTIFIER = com.mduranx64.iTunesSearchApp;
				PRODUCT_NAME = "$(TARGET_NAME)";
				SWIFT_VERSION = 5.0;
				TARGETED_DEVICE_FAMILY = "1,2";
			};
			name = Debug;
		};
		495E731424FFC4280004A688 /* Release */ = {
			isa = XCBuildConfiguration;
			buildSettings = {
				ASSETCATALOG_COMPILER_APPICON_NAME = AppIcon;
				CODE_SIGN_STYLE = Automatic;
				DEVELOPMENT_TEAM = 99UW94BPG2;
				INFOPLIST_FILE = iTunesSearchApp/Info.plist;
				LD_RUNPATH_SEARCH_PATHS = (
					"$(inherited)",
					"@executable_path/Frameworks",
				);
				PRODUCT_BUNDLE_IDENTIFIER = com.mduranx64.iTunesSearchApp;
				PRODUCT_NAME = "$(TARGET_NAME)";
				SWIFT_VERSION = 5.0;
				TARGETED_DEVICE_FAMILY = "1,2";
			};
			name = Release;
		};
		495E731624FFC4280004A688 /* Debug */ = {
			isa = XCBuildConfiguration;
			buildSettings = {
				ALWAYS_EMBED_SWIFT_STANDARD_LIBRARIES = YES;
				BUNDLE_LOADER = "$(TEST_HOST)";
				CODE_SIGN_STYLE = Automatic;
				DEVELOPMENT_TEAM = 99UW94BPG2;
				INFOPLIST_FILE = iTunesSearchAppTests/Info.plist;
				IPHONEOS_DEPLOYMENT_TARGET = 13.6;
				LD_RUNPATH_SEARCH_PATHS = (
					"$(inherited)",
					"@executable_path/Frameworks",
					"@loader_path/Frameworks",
				);
				PRODUCT_BUNDLE_IDENTIFIER = com.mduranx64.iTunesSearchAppTests;
				PRODUCT_NAME = "$(TARGET_NAME)";
				SWIFT_VERSION = 5.0;
				TARGETED_DEVICE_FAMILY = "1,2";
				TEST_HOST = "$(BUILT_PRODUCTS_DIR)/iTunesSearchApp.app/iTunesSearchApp";
			};
			name = Debug;
		};
		495E731724FFC4280004A688 /* Release */ = {
			isa = XCBuildConfiguration;
			buildSettings = {
				ALWAYS_EMBED_SWIFT_STANDARD_LIBRARIES = YES;
				BUNDLE_LOADER = "$(TEST_HOST)";
				CODE_SIGN_STYLE = Automatic;
				DEVELOPMENT_TEAM = 99UW94BPG2;
				INFOPLIST_FILE = iTunesSearchAppTests/Info.plist;
				IPHONEOS_DEPLOYMENT_TARGET = 13.6;
				LD_RUNPATH_SEARCH_PATHS = (
					"$(inherited)",
					"@executable_path/Frameworks",
					"@loader_path/Frameworks",
				);
				PRODUCT_BUNDLE_IDENTIFIER = com.mduranx64.iTunesSearchAppTests;
				PRODUCT_NAME = "$(TARGET_NAME)";
				SWIFT_VERSION = 5.0;
				TARGETED_DEVICE_FAMILY = "1,2";
				TEST_HOST = "$(BUILT_PRODUCTS_DIR)/iTunesSearchApp.app/iTunesSearchApp";
			};
			name = Release;
		};
/* End XCBuildConfiguration section */

/* Begin XCConfigurationList section */
		495E72EE24FFC4240004A688 /* Build configuration list for PBXProject "iTunesSearchApp" */ = {
			isa = XCConfigurationList;
			buildConfigurations = (
				495E731024FFC4280004A688 /* Debug */,
				495E731124FFC4280004A688 /* Release */,
			);
			defaultConfigurationIsVisible = 0;
			defaultConfigurationName = Release;
		};
		495E731224FFC4280004A688 /* Build configuration list for PBXNativeTarget "iTunesSearchApp" */ = {
			isa = XCConfigurationList;
			buildConfigurations = (
				495E731324FFC4280004A688 /* Debug */,
				495E731424FFC4280004A688 /* Release */,
			);
			defaultConfigurationIsVisible = 0;
			defaultConfigurationName = Release;
		};
		495E731524FFC4280004A688 /* Build configuration list for PBXNativeTarget "iTunesSearchAppTests" */ = {
			isa = XCConfigurationList;
			buildConfigurations = (
				495E731624FFC4280004A688 /* Debug */,
				495E731724FFC4280004A688 /* Release */,
			);
			defaultConfigurationIsVisible = 0;
			defaultConfigurationName = Release;
		};
/* End XCConfigurationList section */
	};
	rootObject = 495E72EB24FFC4240004A688 /* Project object */;
}
